
Microsoft Visual Studio Solution File, Format Version 12.00
# Visual Studio Version 16
VisualStudioVersion = 16.0.31729.503
MinimumVisualStudioVersion = 10.0.40219.1
Project("{FAE04EC0-301F-11D3-BF4B-00C04F79EFBC}") = "ArraysAndCollections", "ArraysAndCollections\ArraysAndCollections.csproj", "{785E436B-1443-4310-88CB-E9FCD941BD50}"
EndProject
Global
	GlobalSection(SolutionConfigurationPlatforms) = preSolution
		Debug|Any CPU = Debug|Any CPU
		Release|Any CPU = Release|Any CPU
	EndGlobalSection
	GlobalSection(ProjectConfigurationPlatforms) = postSolution
		{785E436B-1443-4310-88CB-E9FCD941BD50}.Debug|Any CPU.ActiveCfg = Debug|Any CPU
		{785E436B-1443-4310-88CB-E9FCD941BD50}.Debug|Any CPU.Build.0 = Debug|Any CPU
		{785E436B-1443-4310-88CB-E9FCD941BD50}.Release|Any CPU.ActiveCfg = Release|Any CPU
		{785E436B-1443-4310-88CB-E9FCD941BD50}.Release|Any CPU.Build.0 = Release|Any CPU
	EndGlobalSection
	GlobalSection(SolutionProperties) = preSolution
		HideSolutionNode = FALSE
	EndGlobalSection
	GlobalSection(ExtensibilityGlobals) = postSolution
		SolutionGuid = {B98A1332-1FC5-4046-99BF-F8247E2D6DF2}
	EndGlobalSection
EndGlobal
