
Microsoft Visual Studio Solution File, Format Version 12.00
# Visual Studio Version 16
VisualStudioVersion = 16.0.31729.503
MinimumVisualStudioVersion = 10.0.40219.1
Project("{FAE04EC0-301F-11D3-BF4B-00C04F79EFBC}") = "LoopInsideLoop", "LoopInsideLoop\LoopInsideLoop.csproj", "{68EB20CA-D755-45E2-83CD-7FCB31A660D7}"
EndProject
Global
	GlobalSection(SolutionConfigurationPlatforms) = preSolution
		Debug|Any CPU = Debug|Any CPU
		Release|Any CPU = Release|Any CPU
	EndGlobalSection
	GlobalSection(ProjectConfigurationPlatforms) = postSolution
		{68EB20CA-D755-45E2-83CD-7FCB31A660D7}.Debug|Any CPU.ActiveCfg = Debug|Any CPU
		{68EB20CA-D755-45E2-83CD-7FCB31A660D7}.Debug|Any CPU.Build.0 = Debug|Any CPU
		{68EB20CA-D755-45E2-83CD-7FCB31A660D7}.Release|Any CPU.ActiveCfg = Release|Any CPU
		{68EB20CA-D755-45E2-83CD-7FCB31A660D7}.Release|Any CPU.Build.0 = Release|Any CPU
	EndGlobalSection
	GlobalSection(SolutionProperties) = preSolution
		HideSolutionNode = FALSE
	EndGlobalSection
	GlobalSection(ExtensibilityGlobals) = postSolution
		SolutionGuid = {4E07CC89-1181-4DB8-BA9D-F4754BFFC3E6}
	EndGlobalSection
EndGlobal
