
Microsoft Visual Studio Solution File, Format Version 12.00
# Visual Studio Version 16
VisualStudioVersion = 16.0.31729.503
MinimumVisualStudioVersion = 10.0.40219.1
Project("{FAE04EC0-301F-11D3-BF4B-00C04F79EFBC}") = "Loops", "Loops\Loops.csproj", "{3F80E965-6403-4893-AEB8-EE8674B21598}"
EndProject
Global
	GlobalSection(SolutionConfigurationPlatforms) = preSolution
		Debug|Any CPU = Debug|Any CPU
		Release|Any CPU = Release|Any CPU
	EndGlobalSection
	GlobalSection(ProjectConfigurationPlatforms) = postSolution
		{3F80E965-6403-4893-AEB8-EE8674B21598}.Debug|Any CPU.ActiveCfg = Debug|Any CPU
		{3F80E965-6403-4893-AEB8-EE8674B21598}.Debug|Any CPU.Build.0 = Debug|Any CPU
		{3F80E965-6403-4893-AEB8-EE8674B21598}.Release|Any CPU.ActiveCfg = Release|Any CPU
		{3F80E965-6403-4893-AEB8-EE8674B21598}.Release|Any CPU.Build.0 = Release|Any CPU
	EndGlobalSection
	GlobalSection(SolutionProperties) = preSolution
		HideSolutionNode = FALSE
	EndGlobalSection
	GlobalSection(ExtensibilityGlobals) = postSolution
		SolutionGuid = {8CEAC379-39B8-46B1-B89C-0703295FA800}
	EndGlobalSection
EndGlobal
