
Microsoft Visual Studio Solution File, Format Version 12.00
# Visual Studio Version 16
VisualStudioVersion = 16.0.31729.503
MinimumVisualStudioVersion = 10.0.40219.1
Project("{FAE04EC0-301F-11D3-BF4B-00C04F79EFBC}") = "introCSharp", "introCSharp\introCSharp.csproj", "{B62BD12D-2865-4F6D-A96E-5E233F4F6DB1}"
EndProject
Global
	GlobalSection(SolutionConfigurationPlatforms) = preSolution
		Debug|Any CPU = Debug|Any CPU
		Release|Any CPU = Release|Any CPU
	EndGlobalSection
	GlobalSection(ProjectConfigurationPlatforms) = postSolution
		{B62BD12D-2865-4F6D-A96E-5E233F4F6DB1}.Debug|Any CPU.ActiveCfg = Debug|Any CPU
		{B62BD12D-2865-4F6D-A96E-5E233F4F6DB1}.Debug|Any CPU.Build.0 = Debug|Any CPU
		{B62BD12D-2865-4F6D-A96E-5E233F4F6DB1}.Release|Any CPU.ActiveCfg = Release|Any CPU
		{B62BD12D-2865-4F6D-A96E-5E233F4F6DB1}.Release|Any CPU.Build.0 = Release|Any CPU
	EndGlobalSection
	GlobalSection(SolutionProperties) = preSolution
		HideSolutionNode = FALSE
	EndGlobalSection
	GlobalSection(ExtensibilityGlobals) = postSolution
		SolutionGuid = {E00F508C-8877-4DA2-8BFA-DE2FCB9ACB16}
	EndGlobalSection
EndGlobal
