
Microsoft Visual Studio Solution File, Format Version 12.00
# Visual Studio Version 16
VisualStudioVersion = 16.0.31729.503
MinimumVisualStudioVersion = 10.0.40219.1
Project("{FAE04EC0-301F-11D3-BF4B-00C04F79EFBC}") = "BuiltinInterface", "BuiltinInterface\BuiltinInterface.csproj", "{23D7C81C-1AE9-42F5-A454-C1FBD15ECC29}"
EndProject
Global
	GlobalSection(SolutionConfigurationPlatforms) = preSolution
		Debug|Any CPU = Debug|Any CPU
		Release|Any CPU = Release|Any CPU
	EndGlobalSection
	GlobalSection(ProjectConfigurationPlatforms) = postSolution
		{23D7C81C-1AE9-42F5-A454-C1FBD15ECC29}.Debug|Any CPU.ActiveCfg = Debug|Any CPU
		{23D7C81C-1AE9-42F5-A454-C1FBD15ECC29}.Debug|Any CPU.Build.0 = Debug|Any CPU
		{23D7C81C-1AE9-42F5-A454-C1FBD15ECC29}.Release|Any CPU.ActiveCfg = Release|Any CPU
		{23D7C81C-1AE9-42F5-A454-C1FBD15ECC29}.Release|Any CPU.Build.0 = Release|Any CPU
	EndGlobalSection
	GlobalSection(SolutionProperties) = preSolution
		HideSolutionNode = FALSE
	EndGlobalSection
	GlobalSection(ExtensibilityGlobals) = postSolution
		SolutionGuid = {6B649914-DE83-47B4-BBD4-7A93D09240CC}
	EndGlobalSection
EndGlobal
