
Microsoft Visual Studio Solution File, Format Version 12.00
# Visual Studio Version 17
VisualStudioVersion = 17.1.32328.378
MinimumVisualStudioVersion = 10.0.40219.1
Project("{FAE04EC0-301F-11D3-BF4B-00C04F79EFBC}") = "EncodeFromDecode", "EncodeFromDecode\EncodeFromDecode.csproj", "{B377682B-B6D8-4D50-83F8-C47896F0C976}"
EndProject
Global
	GlobalSection(SolutionConfigurationPlatforms) = preSolution
		Debug|Any CPU = Debug|Any CPU
		Release|Any CPU = Release|Any CPU
	EndGlobalSection
	GlobalSection(ProjectConfigurationPlatforms) = postSolution
		{B377682B-B6D8-4D50-83F8-C47896F0C976}.Debug|Any CPU.ActiveCfg = Debug|Any CPU
		{B377682B-B6D8-4D50-83F8-C47896F0C976}.Debug|Any CPU.Build.0 = Debug|Any CPU
		{B377682B-B6D8-4D50-83F8-C47896F0C976}.Release|Any CPU.ActiveCfg = Release|Any CPU
		{B377682B-B6D8-4D50-83F8-C47896F0C976}.Release|Any CPU.Build.0 = Release|Any CPU
	EndGlobalSection
	GlobalSection(SolutionProperties) = preSolution
		HideSolutionNode = FALSE
	EndGlobalSection
	GlobalSection(ExtensibilityGlobals) = postSolution
		SolutionGuid = {C1217F97-6FDD-4FC6-974D-24BDD61E5046}
	EndGlobalSection
EndGlobal
