
Microsoft Visual Studio Solution File, Format Version 12.00
# Visual Studio Version 16
VisualStudioVersion = 16.0.31729.503
MinimumVisualStudioVersion = 10.0.40219.1
Project("{FAE04EC0-301F-11D3-BF4B-00C04F79EFBC}") = "MethodsAndFunctions", "MethodsAndFunctions\MethodsAndFunctions.csproj", "{C7E8571A-D245-4D43-8A95-9FDD1902BEB7}"
EndProject
Global
	GlobalSection(SolutionConfigurationPlatforms) = preSolution
		Debug|Any CPU = Debug|Any CPU
		Release|Any CPU = Release|Any CPU
	EndGlobalSection
	GlobalSection(ProjectConfigurationPlatforms) = postSolution
		{C7E8571A-D245-4D43-8A95-9FDD1902BEB7}.Debug|Any CPU.ActiveCfg = Debug|Any CPU
		{C7E8571A-D245-4D43-8A95-9FDD1902BEB7}.Debug|Any CPU.Build.0 = Debug|Any CPU
		{C7E8571A-D245-4D43-8A95-9FDD1902BEB7}.Release|Any CPU.ActiveCfg = Release|Any CPU
		{C7E8571A-D245-4D43-8A95-9FDD1902BEB7}.Release|Any CPU.Build.0 = Release|Any CPU
	EndGlobalSection
	GlobalSection(SolutionProperties) = preSolution
		HideSolutionNode = FALSE
	EndGlobalSection
	GlobalSection(ExtensibilityGlobals) = postSolution
		SolutionGuid = {E79267C6-A6C2-4185-9551-7E8908F585E9}
	EndGlobalSection
EndGlobal
