
Microsoft Visual Studio Solution File, Format Version 12.00
# Visual Studio Version 16
VisualStudioVersion = 16.0.31729.503
MinimumVisualStudioVersion = 10.0.40219.1
Project("{FAE04EC0-301F-11D3-BF4B-00C04F79EFBC}") = "OperatorsAndCheck", "OperatorsAndCheck\OperatorsAndCheck.csproj", "{B76D2172-78E5-486C-81A0-5559A8502F1E}"
EndProject
Global
	GlobalSection(SolutionConfigurationPlatforms) = preSolution
		Debug|Any CPU = Debug|Any CPU
		Release|Any CPU = Release|Any CPU
	EndGlobalSection
	GlobalSection(ProjectConfigurationPlatforms) = postSolution
		{B76D2172-78E5-486C-81A0-5559A8502F1E}.Debug|Any CPU.ActiveCfg = Debug|Any CPU
		{B76D2172-78E5-486C-81A0-5559A8502F1E}.Debug|Any CPU.Build.0 = Debug|Any CPU
		{B76D2172-78E5-486C-81A0-5559A8502F1E}.Release|Any CPU.ActiveCfg = Release|Any CPU
		{B76D2172-78E5-486C-81A0-5559A8502F1E}.Release|Any CPU.Build.0 = Release|Any CPU
	EndGlobalSection
	GlobalSection(SolutionProperties) = preSolution
		HideSolutionNode = FALSE
	EndGlobalSection
	GlobalSection(ExtensibilityGlobals) = postSolution
		SolutionGuid = {762CCA03-5FBA-43CA-9A82-87DB95D88681}
	EndGlobalSection
EndGlobal
