
Microsoft Visual Studio Solution File, Format Version 12.00
# Visual Studio Version 16
VisualStudioVersion = 16.0.31729.503
MinimumVisualStudioVersion = 10.0.40219.1
Project("{FAE04EC0-301F-11D3-BF4B-00C04F79EFBC}") = "DiceGame", "DiceGame\DiceGame.csproj", "{82E20D9F-2530-4EBB-96D9-23B70691D821}"
EndProject
Global
	GlobalSection(SolutionConfigurationPlatforms) = preSolution
		Debug|Any CPU = Debug|Any CPU
		Release|Any CPU = Release|Any CPU
	EndGlobalSection
	GlobalSection(ProjectConfigurationPlatforms) = postSolution
		{82E20D9F-2530-4EBB-96D9-23B70691D821}.Debug|Any CPU.ActiveCfg = Debug|Any CPU
		{82E20D9F-2530-4EBB-96D9-23B70691D821}.Debug|Any CPU.Build.0 = Debug|Any CPU
		{82E20D9F-2530-4EBB-96D9-23B70691D821}.Release|Any CPU.ActiveCfg = Release|Any CPU
		{82E20D9F-2530-4EBB-96D9-23B70691D821}.Release|Any CPU.Build.0 = Release|Any CPU
	EndGlobalSection
	GlobalSection(SolutionProperties) = preSolution
		HideSolutionNode = FALSE
	EndGlobalSection
	GlobalSection(ExtensibilityGlobals) = postSolution
		SolutionGuid = {50ACA383-307B-41B9-A0FD-144F7CDF384F}
	EndGlobalSection
EndGlobal
