
Microsoft Visual Studio Solution File, Format Version 12.00
# Visual Studio Version 16
VisualStudioVersion = 16.0.31729.503
MinimumVisualStudioVersion = 10.0.40219.1
Project("{FAE04EC0-301F-11D3-BF4B-00C04F79EFBC}") = "API.Client", "API.Client\API.Client.csproj", "{7DF2DFC4-E977-4244-B0FB-879A6C36D940}"
EndProject
Global
	GlobalSection(SolutionConfigurationPlatforms) = preSolution
		Debug|Any CPU = Debug|Any CPU
		Release|Any CPU = Release|Any CPU
	EndGlobalSection
	GlobalSection(ProjectConfigurationPlatforms) = postSolution
		{7DF2DFC4-E977-4244-B0FB-879A6C36D940}.Debug|Any CPU.ActiveCfg = Debug|Any CPU
		{7DF2DFC4-E977-4244-B0FB-879A6C36D940}.Debug|Any CPU.Build.0 = Debug|Any CPU
		{7DF2DFC4-E977-4244-B0FB-879A6C36D940}.Release|Any CPU.ActiveCfg = Release|Any CPU
		{7DF2DFC4-E977-4244-B0FB-879A6C36D940}.Release|Any CPU.Build.0 = Release|Any CPU
	EndGlobalSection
	GlobalSection(SolutionProperties) = preSolution
		HideSolutionNode = FALSE
	EndGlobalSection
	GlobalSection(ExtensibilityGlobals) = postSolution
		SolutionGuid = {59D0FD97-F212-4369-A98B-E9690520048C}
	EndGlobalSection
EndGlobal
