
Microsoft Visual Studio Solution File, Format Version 12.00
# Visual Studio Version 16
VisualStudioVersion = 16.0.31729.503
MinimumVisualStudioVersion = 10.0.40219.1
Project("{FAE04EC0-301F-11D3-BF4B-00C04F79EFBC}") = "MethodDetails", "MethodDetails\MethodDetails.csproj", "{C1CA7060-EF6D-43BE-8EE1-380511308E0B}"
EndProject
Global
	GlobalSection(SolutionConfigurationPlatforms) = preSolution
		Debug|Any CPU = Debug|Any CPU
		Release|Any CPU = Release|Any CPU
	EndGlobalSection
	GlobalSection(ProjectConfigurationPlatforms) = postSolution
		{C1CA7060-EF6D-43BE-8EE1-380511308E0B}.Debug|Any CPU.ActiveCfg = Debug|Any CPU
		{C1CA7060-EF6D-43BE-8EE1-380511308E0B}.Debug|Any CPU.Build.0 = Debug|Any CPU
		{C1CA7060-EF6D-43BE-8EE1-380511308E0B}.Release|Any CPU.ActiveCfg = Release|Any CPU
		{C1CA7060-EF6D-43BE-8EE1-380511308E0B}.Release|Any CPU.Build.0 = Release|Any CPU
	EndGlobalSection
	GlobalSection(SolutionProperties) = preSolution
		HideSolutionNode = FALSE
	EndGlobalSection
	GlobalSection(ExtensibilityGlobals) = postSolution
		SolutionGuid = {8EB691E0-6CB1-453F-865B-93D3B0A73FA0}
	EndGlobalSection
EndGlobal
