
Microsoft Visual Studio Solution File, Format Version 12.00
# Visual Studio Version 16
VisualStudioVersion = 16.0.31729.503
MinimumVisualStudioVersion = 10.0.40219.1
Project("{FAE04EC0-301F-11D3-BF4B-00C04F79EFBC}") = "AndOrCondition", "AndOrCondition\AndOrCondition.csproj", "{F56CF2AF-EF96-4E08-835B-368114E85ADA}"
EndProject
Global
	GlobalSection(SolutionConfigurationPlatforms) = preSolution
		Debug|Any CPU = Debug|Any CPU
		Release|Any CPU = Release|Any CPU
	EndGlobalSection
	GlobalSection(ProjectConfigurationPlatforms) = postSolution
		{F56CF2AF-EF96-4E08-835B-368114E85ADA}.Debug|Any CPU.ActiveCfg = Debug|Any CPU
		{F56CF2AF-EF96-4E08-835B-368114E85ADA}.Debug|Any CPU.Build.0 = Debug|Any CPU
		{F56CF2AF-EF96-4E08-835B-368114E85ADA}.Release|Any CPU.ActiveCfg = Release|Any CPU
		{F56CF2AF-EF96-4E08-835B-368114E85ADA}.Release|Any CPU.Build.0 = Release|Any CPU
	EndGlobalSection
	GlobalSection(SolutionProperties) = preSolution
		HideSolutionNode = FALSE
	EndGlobalSection
	GlobalSection(ExtensibilityGlobals) = postSolution
		SolutionGuid = {8855344A-56F7-425C-A0DA-11A1B30230F6}
	EndGlobalSection
EndGlobal
